
Microsoft Visual Studio Solution File, Format Version 12.00
# Visual Studio Version 17
VisualStudioVersion = 17.1.31903.286
MinimumVisualStudioVersion = 10.0.40219.1
Project("{9A19103F-16F7-4668-BE54-9A1E7A4F7556}") = "Luncher.Web", "Luncher.Web\Luncher.Web.csproj", "{BF6E3B59-3FDE-42C0-818C-6917F343DE82}"
EndProject
Project("{9A19103F-16F7-4668-BE54-9A1E7A4F7556}") = "Luncher.Tests", "Luncher.Tests\Luncher.Tests.csproj", "{3CF49F77-8566-40A1-955F-F8741078664E}"
EndProject
Project("{9A19103F-16F7-4668-BE54-9A1E7A4F7556}") = "Luncher.Domain", "Luncher.Domain\Luncher.Domain.csproj", "{6C19823E-4DC6-4098-91F5-BD8DC6208F6B}"
EndProject
Project("{9A19103F-16F7-4668-BE54-9A1E7A4F7556}") = "Luncher.Adapters.ThirdParty", "Luncher.Adapters.ThirdParty\Luncher.Adapters.ThirdParty.csproj", "{82EDCBA3-5D0C-41C7-B3F9-E1B5F6FC80B6}"
EndProject
Project("{FAE04EC0-301F-11D3-BF4B-00C04F79EFBC}") = "Luncher.Adapters.Storage", "Luncher.Adapters.Storage\Luncher.Adapters.Storage.csproj", "{12717310-F6C3-4922-B31D-2F4B290463EF}"
EndProject
Global
	GlobalSection(SolutionConfigurationPlatforms) = preSolution
		Debug|Any CPU = Debug|Any CPU
		Release|Any CPU = Release|Any CPU
	EndGlobalSection
	GlobalSection(ProjectConfigurationPlatforms) = postSolution
		{BF6E3B59-3FDE-42C0-818C-6917F343DE82}.Debug|Any CPU.ActiveCfg = Debug|Any CPU
		{BF6E3B59-3FDE-42C0-818C-6917F343DE82}.Debug|Any CPU.Build.0 = Debug|Any CPU
		{BF6E3B59-3FDE-42C0-818C-6917F343DE82}.Release|Any CPU.ActiveCfg = Release|Any CPU
		{BF6E3B59-3FDE-42C0-818C-6917F343DE82}.Release|Any CPU.Build.0 = Release|Any CPU
		{3CF49F77-8566-40A1-955F-F8741078664E}.Debug|Any CPU.ActiveCfg = Debug|Any CPU
		{3CF49F77-8566-40A1-955F-F8741078664E}.Debug|Any CPU.Build.0 = Debug|Any CPU
		{3CF49F77-8566-40A1-955F-F8741078664E}.Release|Any CPU.ActiveCfg = Release|Any CPU
		{3CF49F77-8566-40A1-955F-F8741078664E}.Release|Any CPU.Build.0 = Release|Any CPU
		{6C19823E-4DC6-4098-91F5-BD8DC6208F6B}.Debug|Any CPU.ActiveCfg = Debug|Any CPU
		{6C19823E-4DC6-4098-91F5-BD8DC6208F6B}.Debug|Any CPU.Build.0 = Debug|Any CPU
		{6C19823E-4DC6-4098-91F5-BD8DC6208F6B}.Release|Any CPU.ActiveCfg = Release|Any CPU
		{6C19823E-4DC6-4098-91F5-BD8DC6208F6B}.Release|Any CPU.Build.0 = Release|Any CPU
		{82EDCBA3-5D0C-41C7-B3F9-E1B5F6FC80B6}.Debug|Any CPU.ActiveCfg = Debug|Any CPU
		{82EDCBA3-5D0C-41C7-B3F9-E1B5F6FC80B6}.Debug|Any CPU.Build.0 = Debug|Any CPU
		{82EDCBA3-5D0C-41C7-B3F9-E1B5F6FC80B6}.Release|Any CPU.ActiveCfg = Release|Any CPU
		{82EDCBA3-5D0C-41C7-B3F9-E1B5F6FC80B6}.Release|Any CPU.Build.0 = Release|Any CPU
		{12717310-F6C3-4922-B31D-2F4B290463EF}.Debug|Any CPU.ActiveCfg = Debug|Any CPU
		{12717310-F6C3-4922-B31D-2F4B290463EF}.Debug|Any CPU.Build.0 = Debug|Any CPU
		{12717310-F6C3-4922-B31D-2F4B290463EF}.Release|Any CPU.ActiveCfg = Release|Any CPU
		{12717310-F6C3-4922-B31D-2F4B290463EF}.Release|Any CPU.Build.0 = Release|Any CPU
	EndGlobalSection
	GlobalSection(SolutionProperties) = preSolution
		HideSolutionNode = FALSE
	EndGlobalSection
	GlobalSection(ExtensibilityGlobals) = postSolution
		SolutionGuid = {5BD2838B-245E-47B8-B892-BC2C4B534F74}
	EndGlobalSection
EndGlobal
